
Microsoft Visual Studio Solution File, Format Version 12.00
# Visual Studio Version 17
VisualStudioVersion = 17.14.36203.30 d17.14
MinimumVisualStudioVersion = 10.0.40219.1
Project("{FAE04EC0-301F-11D3-BF4B-00C04F79EFBC}") = "TaskbarMonitorWinFormX", "TaskbarMonitorWinFormX\TaskbarMonitorWinFormX.csproj", "{02E3AD2D-F213-44B8-9B75-459250647F2A}"
EndProject
Global
	GlobalSection(SolutionConfigurationPlatforms) = preSolution
		Debug|Any CPU = Debug|Any CPU
		Release|Any CPU = Release|Any CPU
	EndGlobalSection
	GlobalSection(ProjectConfigurationPlatforms) = postSolution
		{02E3AD2D-F213-44B8-9B75-459250647F2A}.Debug|Any CPU.ActiveCfg = Debug|Any CPU
		{02E3AD2D-F213-44B8-9B75-459250647F2A}.Debug|Any CPU.Build.0 = Debug|Any CPU
		{02E3AD2D-F213-44B8-9B75-459250647F2A}.Release|Any CPU.ActiveCfg = Release|Any CPU
		{02E3AD2D-F213-44B8-9B75-459250647F2A}.Release|Any CPU.Build.0 = Release|Any CPU
	EndGlobalSection
	GlobalSection(SolutionProperties) = preSolution
		HideSolutionNode = FALSE
	EndGlobalSection
	GlobalSection(ExtensibilityGlobals) = postSolution
		SolutionGuid = {4D3A2EB2-FC24-4900-B368-1F70FC5E70E2}
	EndGlobalSection
EndGlobal
